
Microsoft Visual Studio Solution File, Format Version 12.00
# Visual Studio Version 17
VisualStudioVersion = 17.4.33103.184
MinimumVisualStudioVersion = 10.0.40219.1
Project("{FAE04EC0-301F-11D3-BF4B-00C04F79EFBC}") = "H1U1BilVærksted", "H1U1BilVærksted\H1U1BilVærksted.csproj", "{493AF9E8-856C-4719-801F-1F5D51A90C10}"
EndProject
Global
	GlobalSection(SolutionConfigurationPlatforms) = preSolution
		Debug|Any CPU = Debug|Any CPU
		Release|Any CPU = Release|Any CPU
	EndGlobalSection
	GlobalSection(ProjectConfigurationPlatforms) = postSolution
		{493AF9E8-856C-4719-801F-1F5D51A90C10}.Debug|Any CPU.ActiveCfg = Debug|Any CPU
		{493AF9E8-856C-4719-801F-1F5D51A90C10}.Debug|Any CPU.Build.0 = Debug|Any CPU
		{493AF9E8-856C-4719-801F-1F5D51A90C10}.Release|Any CPU.ActiveCfg = Release|Any CPU
		{493AF9E8-856C-4719-801F-1F5D51A90C10}.Release|Any CPU.Build.0 = Release|Any CPU
	EndGlobalSection
	GlobalSection(SolutionProperties) = preSolution
		HideSolutionNode = FALSE
	EndGlobalSection
	GlobalSection(ExtensibilityGlobals) = postSolution
		SolutionGuid = {FB4AB4B3-C8F6-48CD-8827-9ADB24EFF5DC}
	EndGlobalSection
EndGlobal
